// !$*UTF8*$!
{
	archiveVersion = 1;
	classes = {
	};
	objectVersion = 56;
	objects = {

/* Begin PBXBuildFile section */
		19B877F42913880F0038FB90 /* Puntacion.swift in Sources */ = {isa = PBXBuildFile; fileRef = 19B877F32913880F0038FB90 /* Puntacion.swift */; };
		19B877F6291388480038FB90 /* Opciones.swift in Sources */ = {isa = PBXBuildFile; fileRef = 19B877F5291388480038FB90 /* Opciones.swift */; };
		19B877F8291388790038FB90 /* Fichas.swift in Sources */ = {isa = PBXBuildFile; fileRef = 19B877F7291388790038FB90 /* Fichas.swift */; };
		F81E1C8028F7CA4D004137AB /* ViewControllerReglas.swift in Sources */ = {isa = PBXBuildFile; fileRef = F81E1C7F28F7CA4D004137AB /* ViewControllerReglas.swift */; };
		F81E1C8228F7CA7F004137AB /* ViewControllerMarcadores.swift in Sources */ = {isa = PBXBuildFile; fileRef = F81E1C8128F7CA7F004137AB /* ViewControllerMarcadores.swift */; };
		F81E1C8428F7CAAA004137AB /* ViewControllerOpciones.swift in Sources */ = {isa = PBXBuildFile; fileRef = F81E1C8328F7CAAA004137AB /* ViewControllerOpciones.swift */; };
		F81E1C8628F7CAD6004137AB /* ViewControllerTutorial.swift in Sources */ = {isa = PBXBuildFile; fileRef = F81E1C8528F7CAD6004137AB /* ViewControllerTutorial.swift */; };
		F81E1C8828F7CB1E004137AB /* ViewControllerJugadores.swift in Sources */ = {isa = PBXBuildFile; fileRef = F81E1C8728F7CB1E004137AB /* ViewControllerJugadores.swift */; };
		F81E1C8A28F7CB46004137AB /* ViewControllerJuego.swift in Sources */ = {isa = PBXBuildFile; fileRef = F81E1C8928F7CB46004137AB /* ViewControllerJuego.swift */; };
		F81E1C8C28F7CB66004137AB /* ViewControllerGanador.swift in Sources */ = {isa = PBXBuildFile; fileRef = F81E1C8B28F7CB66004137AB /* ViewControllerGanador.swift */; };
		F8BD669A28F479B000FA1786 /* AppDelegate.swift in Sources */ = {isa = PBXBuildFile; fileRef = F8BD669928F479B000FA1786 /* AppDelegate.swift */; };
		F8BD669C28F479B000FA1786 /* SceneDelegate.swift in Sources */ = {isa = PBXBuildFile; fileRef = F8BD669B28F479B000FA1786 /* SceneDelegate.swift */; };
		F8BD669E28F479B000FA1786 /* ViewController.swift in Sources */ = {isa = PBXBuildFile; fileRef = F8BD669D28F479B000FA1786 /* ViewController.swift */; };
		F8BD66A128F479B000FA1786 /* Main.storyboard in Resources */ = {isa = PBXBuildFile; fileRef = F8BD669F28F479B000FA1786 /* Main.storyboard */; };
		F8BD66A328F479B000FA1786 /* Assets.xcassets in Resources */ = {isa = PBXBuildFile; fileRef = F8BD66A228F479B000FA1786 /* Assets.xcassets */; };
		F8BD66A628F479B000FA1786 /* LaunchScreen.storyboard in Resources */ = {isa = PBXBuildFile; fileRef = F8BD66A428F479B000FA1786 /* LaunchScreen.storyboard */; };
/* End PBXBuildFile section */

/* Begin PBXFileReference section */
		19B877F32913880F0038FB90 /* Puntacion.swift */ = {isa = PBXFileReference; lastKnownFileType = sourcecode.swift; path = Puntacion.swift; sourceTree = "<group>"; };
		19B877F5291388480038FB90 /* Opciones.swift */ = {isa = PBXFileReference; lastKnownFileType = sourcecode.swift; path = Opciones.swift; sourceTree = "<group>"; };
		19B877F7291388790038FB90 /* Fichas.swift */ = {isa = PBXFileReference; lastKnownFileType = sourcecode.swift; path = Fichas.swift; sourceTree = "<group>"; };
		F81E1C7F28F7CA4D004137AB /* ViewControllerReglas.swift */ = {isa = PBXFileReference; lastKnownFileType = sourcecode.swift; path = ViewControllerReglas.swift; sourceTree = "<group>"; };
		F81E1C8128F7CA7F004137AB /* ViewControllerMarcadores.swift */ = {isa = PBXFileReference; lastKnownFileType = sourcecode.swift; path = ViewControllerMarcadores.swift; sourceTree = "<group>"; };
		F81E1C8328F7CAAA004137AB /* ViewControllerOpciones.swift */ = {isa = PBXFileReference; lastKnownFileType = sourcecode.swift; path = ViewControllerOpciones.swift; sourceTree = "<group>"; };
		F81E1C8528F7CAD6004137AB /* ViewControllerTutorial.swift */ = {isa = PBXFileReference; lastKnownFileType = sourcecode.swift; path = ViewControllerTutorial.swift; sourceTree = "<group>"; };
		F81E1C8728F7CB1E004137AB /* ViewControllerJugadores.swift */ = {isa = PBXFileReference; lastKnownFileType = sourcecode.swift; path = ViewControllerJugadores.swift; sourceTree = "<group>"; };
		F81E1C8928F7CB46004137AB /* ViewControllerJuego.swift */ = {isa = PBXFileReference; lastKnownFileType = sourcecode.swift; path = ViewControllerJuego.swift; sourceTree = "<group>"; };
		F81E1C8B28F7CB66004137AB /* ViewControllerGanador.swift */ = {isa = PBXFileReference; lastKnownFileType = sourcecode.swift; path = ViewControllerGanador.swift; sourceTree = "<group>"; };
		F8BD669628F479B000FA1786 /* Avance1.app */ = {isa = PBXFileReference; explicitFileType = wrapper.application; includeInIndex = 0; path = Avance1.app; sourceTree = BUILT_PRODUCTS_DIR; };
		F8BD669928F479B000FA1786 /* AppDelegate.swift */ = {isa = PBXFileReference; lastKnownFileType = sourcecode.swift; path = AppDelegate.swift; sourceTree = "<group>"; };
		F8BD669B28F479B000FA1786 /* SceneDelegate.swift */ = {isa = PBXFileReference; lastKnownFileType = sourcecode.swift; path = SceneDelegate.swift; sourceTree = "<group>"; };
		F8BD669D28F479B000FA1786 /* ViewController.swift */ = {isa = PBXFileReference; lastKnownFileType = sourcecode.swift; path = ViewController.swift; sourceTree = "<group>"; };
		F8BD66A028F479B000FA1786 /* Base */ = {isa = PBXFileReference; lastKnownFileType = file.storyboard; name = Base; path = Base.lproj/Main.storyboard; sourceTree = "<group>"; };
		F8BD66A228F479B000FA1786 /* Assets.xcassets */ = {isa = PBXFileReference; lastKnownFileType = folder.assetcatalog; path = Assets.xcassets; sourceTree = "<group>"; };
		F8BD66A528F479B000FA1786 /* Base */ = {isa = PBXFileReference; lastKnownFileType = file.storyboard; name = Base; path = Base.lproj/LaunchScreen.storyboard; sourceTree = "<group>"; };
		F8BD66A728F479B000FA1786 /* Info.plist */ = {isa = PBXFileReference; lastKnownFileType = text.plist.xml; path = Info.plist; sourceTree = "<group>"; };
/* End PBXFileReference section */

/* Begin PBXFrameworksBuildPhase section */
		F8BD669328F479B000FA1786 /* Frameworks */ = {
			isa = PBXFrameworksBuildPhase;
			buildActionMask = 2147483647;
			files = (
			);
			runOnlyForDeploymentPostprocessing = 0;
		};
/* End PBXFrameworksBuildPhase section */

/* Begin PBXGroup section */
		F8BD668D28F479B000FA1786 = {
			isa = PBXGroup;
			children = (
				F8BD669828F479B000FA1786 /* Avance1 */,
				F8BD669728F479B000FA1786 /* Products */,
			);
			sourceTree = "<group>";
		};
		F8BD669728F479B000FA1786 /* Products */ = {
			isa = PBXGroup;
			children = (
				F8BD669628F479B000FA1786 /* Avance1.app */,
			);
			name = Products;
			sourceTree = "<group>";
		};
		F8BD669828F479B000FA1786 /* Avance1 */ = {
			isa = PBXGroup;
			children = (
				F8BD669928F479B000FA1786 /* AppDelegate.swift */,
				F8BD669B28F479B000FA1786 /* SceneDelegate.swift */,
				F8BD669D28F479B000FA1786 /* ViewController.swift */,
				F8BD669F28F479B000FA1786 /* Main.storyboard */,
				19B877F32913880F0038FB90 /* Puntacion.swift */,
				19B877F5291388480038FB90 /* Opciones.swift */,
				19B877F7291388790038FB90 /* Fichas.swift */,
				F81E1C8B28F7CB66004137AB /* ViewControllerGanador.swift */,
				F81E1C8928F7CB46004137AB /* ViewControllerJuego.swift */,
				F81E1C8728F7CB1E004137AB /* ViewControllerJugadores.swift */,
				F81E1C8528F7CAD6004137AB /* ViewControllerTutorial.swift */,
				F81E1C8328F7CAAA004137AB /* ViewControllerOpciones.swift */,
				F81E1C8128F7CA7F004137AB /* ViewControllerMarcadores.swift */,
				F81E1C7F28F7CA4D004137AB /* ViewControllerReglas.swift */,
				F8BD66A228F479B000FA1786 /* Assets.xcassets */,
				F8BD66A428F479B000FA1786 /* LaunchScreen.storyboard */,
				F8BD66A728F479B000FA1786 /* Info.plist */,
			);
			path = Avance1;
			sourceTree = "<group>";
		};
/* End PBXGroup section */

/* Begin PBXNativeTarget section */
		F8BD669528F479B000FA1786 /* Avance1 */ = {
			isa = PBXNativeTarget;
			buildConfigurationList = F8BD66AA28F479B000FA1786 /* Build configuration list for PBXNativeTarget "Avance1" */;
			buildPhases = (
				F8BD669228F479B000FA1786 /* Sources */,
				F8BD669328F479B000FA1786 /* Frameworks */,
				F8BD669428F479B000FA1786 /* Resources */,
			);
			buildRules = (
			);
			dependencies = (
			);
			name = Avance1;
			productName = Avance1;
			productReference = F8BD669628F479B000FA1786 /* Avance1.app */;
			productType = "com.apple.product-type.application";
		};
/* End PBXNativeTarget section */

/* Begin PBXProject section */
		F8BD668E28F479B000FA1786 /* Project object */ = {
			isa = PBXProject;
			attributes = {
				BuildIndependentTargetsInParallel = 1;
				LastSwiftUpdateCheck = 1400;
				LastUpgradeCheck = 1400;
				TargetAttributes = {
					F8BD669528F479B000FA1786 = {
						CreatedOnToolsVersion = 14.0.1;
					};
				};
			};
			buildConfigurationList = F8BD669128F479B000FA1786 /* Build configuration list for PBXProject "Avance1" */;
			compatibilityVersion = "Xcode 14.0";
			developmentRegion = en;
			hasScannedForEncodings = 0;
			knownRegions = (
				en,
				Base,
			);
			mainGroup = F8BD668D28F479B000FA1786;
			productRefGroup = F8BD669728F479B000FA1786 /* Products */;
			projectDirPath = "";
			projectRoot = "";
			targets = (
				F8BD669528F479B000FA1786 /* Avance1 */,
			);
		};
/* End PBXProject section */

/* Begin PBXResourcesBuildPhase section */
		F8BD669428F479B000FA1786 /* Resources */ = {
			isa = PBXResourcesBuildPhase;
			buildActionMask = 2147483647;
			files = (
				F8BD66A628F479B000FA1786 /* LaunchScreen.storyboard in Resources */,
				F8BD66A328F479B000FA1786 /* Assets.xcassets in Resources */,
				F8BD66A128F479B000FA1786 /* Main.storyboard in Resources */,
			);
			runOnlyForDeploymentPostprocessing = 0;
		};
/* End PBXResourcesBuildPhase section */

/* Begin PBXSourcesBuildPhase section */
		F8BD669228F479B000FA1786 /* Sources */ = {
			isa = PBXSourcesBuildPhase;
			buildActionMask = 2147483647;
			files = (
				F81E1C8628F7CAD6004137AB /* ViewControllerTutorial.swift in Sources */,
				19B877F8291388790038FB90 /* Fichas.swift in Sources */,
				19B877F6291388480038FB90 /* Opciones.swift in Sources */,
				F8BD669E28F479B000FA1786 /* ViewController.swift in Sources */,
				F81E1C8228F7CA7F004137AB /* ViewControllerMarcadores.swift in Sources */,
				F81E1C8828F7CB1E004137AB /* ViewControllerJugadores.swift in Sources */,
				F8BD669A28F479B000FA1786 /* AppDelegate.swift in Sources */,
				F81E1C8028F7CA4D004137AB /* ViewControllerReglas.swift in Sources */,
				F81E1C8428F7CAAA004137AB /* ViewControllerOpciones.swift in Sources */,
				F8BD669C28F479B000FA1786 /* SceneDelegate.swift in Sources */,
				F81E1C8A28F7CB46004137AB /* ViewControllerJuego.swift in Sources */,
				19B877F42913880F0038FB90 /* Puntacion.swift in Sources */,
				F81E1C8C28F7CB66004137AB /* ViewControllerGanador.swift in Sources */,
			);
			runOnlyForDeploymentPostprocessing = 0;
		};
/* End PBXSourcesBuildPhase section */

/* Begin PBXVariantGroup section */
		F8BD669F28F479B000FA1786 /* Main.storyboard */ = {
			isa = PBXVariantGroup;
			children = (
				F8BD66A028F479B000FA1786 /* Base */,
			);
			name = Main.storyboard;
			sourceTree = "<group>";
		};
		F8BD66A428F479B000FA1786 /* LaunchScreen.storyboard */ = {
			isa = PBXVariantGroup;
			children = (
				F8BD66A528F479B000FA1786 /* Base */,
			);
			name = LaunchScreen.storyboard;
			sourceTree = "<group>";
		};
/* End PBXVariantGroup section */

/* Begin XCBuildConfiguration section */
		F8BD66A828F479B000FA1786 /* Debug */ = {
			isa = XCBuildConfiguration;
			buildSettings = {
				ALWAYS_SEARCH_USER_PATHS = NO;
				CLANG_ANALYZER_NONNULL = YES;
				CLANG_ANALYZER_NUMBER_OBJECT_CONVERSION = YES_AGGRESSIVE;
				CLANG_CXX_LANGUAGE_STANDARD = "gnu++20";
				CLANG_ENABLE_MODULES = YES;
				CLANG_ENABLE_OBJC_ARC = YES;
				CLANG_ENABLE_OBJC_WEAK = YES;
				CLANG_WARN_BLOCK_CAPTURE_AUTORELEASING = YES;
				CLANG_WARN_BOOL_CONVERSION = YES;
				CLANG_WARN_COMMA = YES;
				CLANG_WARN_CONSTANT_CONVERSION = YES;
				CLANG_WARN_DEPRECATED_OBJC_IMPLEMENTATIONS = YES;
				CLANG_WARN_DIRECT_OBJC_ISA_USAGE = YES_ERROR;
				CLANG_WARN_DOCUMENTATION_COMMENTS = YES;
				CLANG_WARN_EMPTY_BODY = YES;
				CLANG_WARN_ENUM_CONVERSION = YES;
				CLANG_WARN_INFINITE_RECURSION = YES;
				CLANG_WARN_INT_CONVERSION = YES;
				CLANG_WARN_NON_LITERAL_NULL_CONVERSION = YES;
				CLANG_WARN_OBJC_IMPLICIT_RETAIN_SELF = YES;
				CLANG_WARN_OBJC_LITERAL_CONVERSION = YES;
				CLANG_WARN_OBJC_ROOT_CLASS = YES_ERROR;
				CLANG_WARN_QUOTED_INCLUDE_IN_FRAMEWORK_HEADER = YES;
				CLANG_WARN_RANGE_LOOP_ANALYSIS = YES;
				CLANG_WARN_STRICT_PROTOTYPES = YES;
				CLANG_WARN_SUSPICIOUS_MOVE = YES;
				CLANG_WARN_UNGUARDED_AVAILABILITY = YES_AGGRESSIVE;
				CLANG_WARN_UNREACHABLE_CODE = YES;
				CLANG_WARN__DUPLICATE_METHOD_MATCH = YES;
				COPY_PHASE_STRIP = NO;
				DEBUG_INFORMATION_FORMAT = dwarf;
				ENABLE_STRICT_OBJC_MSGSEND = YES;
				ENABLE_TESTABILITY = YES;
				GCC_C_LANGUAGE_STANDARD = gnu11;
				GCC_DYNAMIC_NO_PIC = NO;
				GCC_NO_COMMON_BLOCKS = YES;
				GCC_OPTIMIZATION_LEVEL = 0;
				GCC_PREPROCESSOR_DEFINITIONS = (
					"DEBUG=1",
					"$(inherited)",
				);
				GCC_WARN_64_TO_32_BIT_CONVERSION = YES;
				GCC_WARN_ABOUT_RETURN_TYPE = YES_ERROR;
				GCC_WARN_UNDECLARED_SELECTOR = YES;
				GCC_WARN_UNINITIALIZED_AUTOS = YES_AGGRESSIVE;
				GCC_WARN_UNUSED_FUNCTION = YES;
				GCC_WARN_UNUSED_VARIABLE = YES;
				IPHONEOS_DEPLOYMENT_TARGET = 16.0;
				MTL_ENABLE_DEBUG_INFO = INCLUDE_SOURCE;
				MTL_FAST_MATH = YES;
				ONLY_ACTIVE_ARCH = YES;
				SDKROOT = iphoneos;
				SWIFT_ACTIVE_COMPILATION_CONDITIONS = DEBUG;
				SWIFT_OPTIMIZATION_LEVEL = "-Onone";
			};
			name = Debug;
		};
		F8BD66A928F479B000FA1786 /* Release */ = {
			isa = XCBuildConfiguration;
			buildSettings = {
				ALWAYS_SEARCH_USER_PATHS = NO;
				CLANG_ANALYZER_NONNULL = YES;
				CLANG_ANALYZER_NUMBER_OBJECT_CONVERSION = YES_AGGRESSIVE;
				CLANG_CXX_LANGUAGE_STANDARD = "gnu++20";
				CLANG_ENABLE_MODULES = YES;
				CLANG_ENABLE_OBJC_ARC = YES;
				CLANG_ENABLE_OBJC_WEAK = YES;
				CLANG_WARN_BLOCK_CAPTURE_AUTORELEASING = YES;
				CLANG_WARN_BOOL_CONVERSION = YES;
				CLANG_WARN_COMMA = YES;
				CLANG_WARN_CONSTANT_CONVERSION = YES;
				CLANG_WARN_DEPRECATED_OBJC_IMPLEMENTATIONS = YES;
				CLANG_WARN_DIRECT_OBJC_ISA_USAGE = YES_ERROR;
				CLANG_WARN_DOCUMENTATION_COMMENTS = YES;
				CLANG_WARN_EMPTY_BODY = YES;
				CLANG_WARN_ENUM_CONVERSION = YES;
				CLANG_WARN_INFINITE_RECURSION = YES;
				CLANG_WARN_INT_CONVERSION = YES;
				CLANG_WARN_NON_LITERAL_NULL_CONVERSION = YES;
				CLANG_WARN_OBJC_IMPLICIT_RETAIN_SELF = YES;
				CLANG_WARN_OBJC_LITERAL_CONVERSION = YES;
				CLANG_WARN_OBJC_ROOT_CLASS = YES_ERROR;
				CLANG_WARN_QUOTED_INCLUDE_IN_FRAMEWORK_HEADER = YES;
				CLANG_WARN_RANGE_LOOP_ANALYSIS = YES;
				CLANG_WARN_STRICT_PROTOTYPES = YES;
				CLANG_WARN_SUSPICIOUS_MOVE = YES;
				CLANG_WARN_UNGUARDED_AVAILABILITY = YES_AGGRESSIVE;
				CLANG_WARN_UNREACHABLE_CODE = YES;
				CLANG_WARN__DUPLICATE_METHOD_MATCH = YES;
				COPY_PHASE_STRIP = NO;
				DEBUG_INFORMATION_FORMAT = "dwarf-with-dsym";
				ENABLE_NS_ASSERTIONS = NO;
				ENABLE_STRICT_OBJC_MSGSEND = YES;
				GCC_C_LANGUAGE_STANDARD = gnu11;
				GCC_NO_COMMON_BLOCKS = YES;
				GCC_WARN_64_TO_32_BIT_CONVERSION = YES;
				GCC_WARN_ABOUT_RETURN_TYPE = YES_ERROR;
				GCC_WARN_UNDECLARED_SELECTOR = YES;
				GCC_WARN_UNINITIALIZED_AUTOS = YES_AGGRESSIVE;
				GCC_WARN_UNUSED_FUNCTION = YES;
				GCC_WARN_UNUSED_VARIABLE = YES;
				IPHONEOS_DEPLOYMENT_TARGET = 16.0;
				MTL_ENABLE_DEBUG_INFO = NO;
				MTL_FAST_MATH = YES;
				SDKROOT = iphoneos;
				SWIFT_COMPILATION_MODE = wholemodule;
				SWIFT_OPTIMIZATION_LEVEL = "-O";
				VALIDATE_PRODUCT = YES;
			};
			name = Release;
		};
		F8BD66AB28F479B000FA1786 /* Debug */ = {
			isa = XCBuildConfiguration;
			buildSettings = {
				ASSETCATALOG_COMPILER_APPICON_NAME = AppIcon;
				ASSETCATALOG_COMPILER_GLOBAL_ACCENT_COLOR_NAME = AccentColor;
				CODE_SIGN_STYLE = Automatic;
				CURRENT_PROJECT_VERSION = 1;
				GENERATE_INFOPLIST_FILE = YES;
				INFOPLIST_FILE = Avance1/Info.plist;
				INFOPLIST_KEY_UIApplicationSupportsIndirectInputEvents = YES;
				INFOPLIST_KEY_UILaunchStoryboardName = LaunchScreen;
				INFOPLIST_KEY_UIMainStoryboardFile = Main;
				INFOPLIST_KEY_UISupportedInterfaceOrientations_iPad = "UIInterfaceOrientationPortrait UIInterfaceOrientationPortraitUpsideDown UIInterfaceOrientationLandscapeLeft UIInterfaceOrientationLandscapeRight";
				INFOPLIST_KEY_UISupportedInterfaceOrientations_iPhone = "UIInterfaceOrientationPortrait UIInterfaceOrientationLandscapeLeft UIInterfaceOrientationLandscapeRight";
				LD_RUNPATH_SEARCH_PATHS = (
					"$(inherited)",
					"@executable_path/Frameworks",
				);
				MARKETING_VERSION = 1.0;
				PRODUCT_BUNDLE_IDENTIFIER = ITESM.Avance1;
				PRODUCT_NAME = "$(TARGET_NAME)";
				SWIFT_EMIT_LOC_STRINGS = YES;
				SWIFT_VERSION = 5.0;
				TARGETED_DEVICE_FAMILY = "1,2";
			};
			name = Debug;
		};
		F8BD66AC28F479B000FA1786 /* Release */ = {
			isa = XCBuildConfiguration;
			buildSettings = {
				ASSETCATALOG_COMPILER_APPICON_NAME = AppIcon;
				ASSETCATALOG_COMPILER_GLOBAL_ACCENT_COLOR_NAME = AccentColor;
				CODE_SIGN_STYLE = Automatic;
				CURRENT_PROJECT_VERSION = 1;
				GENERATE_INFOPLIST_FILE = YES;
				INFOPLIST_FILE = Avance1/Info.plist;
				INFOPLIST_KEY_UIApplicationSupportsIndirectInputEvents = YES;
				INFOPLIST_KEY_UILaunchStoryboardName = LaunchScreen;
				INFOPLIST_KEY_UIMainStoryboardFile = Main;
				INFOPLIST_KEY_UISupportedInterfaceOrientations_iPad = "UIInterfaceOrientationPortrait UIInterfaceOrientationPortraitUpsideDown UIInterfaceOrientationLandscapeLeft UIInterfaceOrientationLandscapeRight";
				INFOPLIST_KEY_UISupportedInterfaceOrientations_iPhone = "UIInterfaceOrientationPortrait UIInterfaceOrientationLandscapeLeft UIInterfaceOrientationLandscapeRight";
				LD_RUNPATH_SEARCH_PATHS = (
					"$(inherited)",
					"@executable_path/Frameworks",
				);
				MARKETING_VERSION = 1.0;
				PRODUCT_BUNDLE_IDENTIFIER = ITESM.Avance1;
				PRODUCT_NAME = "$(TARGET_NAME)";
				SWIFT_EMIT_LOC_STRINGS = YES;
				SWIFT_VERSION = 5.0;
				TARGETED_DEVICE_FAMILY = "1,2";
			};
			name = Release;
		};
/* End XCBuildConfiguration section */

/* Begin XCConfigurationList section */
		F8BD669128F479B000FA1786 /* Build configuration list for PBXProject "Avance1" */ = {
			isa = XCConfigurationList;
			buildConfigurations = (
				F8BD66A828F479B000FA1786 /* Debug */,
				F8BD66A928F479B000FA1786 /* Release */,
			);
			defaultConfigurationIsVisible = 0;
			defaultConfigurationName = Release;
		};
		F8BD66AA28F479B000FA1786 /* Build configuration list for PBXNativeTarget "Avance1" */ = {
			isa = XCConfigurationList;
			buildConfigurations = (
				F8BD66AB28F479B000FA1786 /* Debug */,
				F8BD66AC28F479B000FA1786 /* Release */,
			);
			defaultConfigurationIsVisible = 0;
			defaultConfigurationName = Release;
		};
/* End XCConfigurationList section */
	};
	rootObject = F8BD668E28F479B000FA1786 /* Project object */;
}
